
Microsoft Visual Studio Solution File, Format Version 12.00
# Visual Studio Version 17
VisualStudioVersion = 17.10.34928.147
MinimumVisualStudioVersion = 10.0.40219.1
Project("{9A19103F-16F7-4668-BE54-9A1E7A4F7556}") = "SnakeGame", "SnakeGame.csproj", "{43DCB2C5-F5D1-4AD1-8BF0-8200EB49802E}"
EndProject
Project("{FAE04EC0-301F-11D3-BF4B-00C04F79EFBC}") = "SnakeGameAnalyzer", "..\SnakeGameAnalyzer\SnakeGameAnalyzer\SnakeGameAnalyzer.csproj", "{3C13317E-DC01-4E95-AC06-448C0D7A4522}"
EndProject
Project("{FAE04EC0-301F-11D3-BF4B-00C04F79EFBC}") = "SnakeGameAnalyzer.CodeFixes", "..\SnakeGameAnalyzer\SnakeGameAnalyzer.CodeFixes\SnakeGameAnalyzer.CodeFixes.csproj", "{E890A317-2953-456B-A94E-0ABED3800635}"
EndProject
Project("{FAE04EC0-301F-11D3-BF4B-00C04F79EFBC}") = "SnakeGameAnalyzer.Package", "..\SnakeGameAnalyzer\SnakeGameAnalyzer.Package\SnakeGameAnalyzer.Package.csproj", "{7CAA1CBF-A35B-4992-9E24-FA085E1C57FE}"
EndProject
Project("{FAE04EC0-301F-11D3-BF4B-00C04F79EFBC}") = "SnakeGameAnalyzer.Test", "..\SnakeGameAnalyzer\SnakeGameAnalyzer.Test\SnakeGameAnalyzer.Test.csproj", "{09672AE3-8E7D-4AA5-9836-800C420695A0}"
EndProject
Project("{FAE04EC0-301F-11D3-BF4B-00C04F79EFBC}") = "SnakeGameAnalyzer.Vsix", "..\SnakeGameAnalyzer\SnakeGameAnalyzer.Vsix\SnakeGameAnalyzer.Vsix.csproj", "{461C67BE-F058-4303-AF2D-33F274DBA910}"
EndProject
Global
	GlobalSection(SolutionConfigurationPlatforms) = preSolution
		Debug|Any CPU = Debug|Any CPU
		Release|Any CPU = Release|Any CPU
	EndGlobalSection
	GlobalSection(ProjectConfigurationPlatforms) = postSolution
		{43DCB2C5-F5D1-4AD1-8BF0-8200EB49802E}.Debug|Any CPU.ActiveCfg = Debug|Any CPU
		{43DCB2C5-F5D1-4AD1-8BF0-8200EB49802E}.Debug|Any CPU.Build.0 = Debug|Any CPU
		{43DCB2C5-F5D1-4AD1-8BF0-8200EB49802E}.Release|Any CPU.ActiveCfg = Release|Any CPU
		{43DCB2C5-F5D1-4AD1-8BF0-8200EB49802E}.Release|Any CPU.Build.0 = Release|Any CPU
		{3C13317E-DC01-4E95-AC06-448C0D7A4522}.Debug|Any CPU.ActiveCfg = Debug|Any CPU
		{3C13317E-DC01-4E95-AC06-448C0D7A4522}.Debug|Any CPU.Build.0 = Debug|Any CPU
		{3C13317E-DC01-4E95-AC06-448C0D7A4522}.Release|Any CPU.ActiveCfg = Release|Any CPU
		{3C13317E-DC01-4E95-AC06-448C0D7A4522}.Release|Any CPU.Build.0 = Release|Any CPU
		{E890A317-2953-456B-A94E-0ABED3800635}.Debug|Any CPU.ActiveCfg = Debug|Any CPU
		{E890A317-2953-456B-A94E-0ABED3800635}.Debug|Any CPU.Build.0 = Debug|Any CPU
		{E890A317-2953-456B-A94E-0ABED3800635}.Release|Any CPU.ActiveCfg = Release|Any CPU
		{E890A317-2953-456B-A94E-0ABED3800635}.Release|Any CPU.Build.0 = Release|Any CPU
		{7CAA1CBF-A35B-4992-9E24-FA085E1C57FE}.Debug|Any CPU.ActiveCfg = Debug|Any CPU
		{7CAA1CBF-A35B-4992-9E24-FA085E1C57FE}.Debug|Any CPU.Build.0 = Debug|Any CPU
		{7CAA1CBF-A35B-4992-9E24-FA085E1C57FE}.Release|Any CPU.ActiveCfg = Release|Any CPU
		{7CAA1CBF-A35B-4992-9E24-FA085E1C57FE}.Release|Any CPU.Build.0 = Release|Any CPU
		{09672AE3-8E7D-4AA5-9836-800C420695A0}.Debug|Any CPU.ActiveCfg = Debug|Any CPU
		{09672AE3-8E7D-4AA5-9836-800C420695A0}.Debug|Any CPU.Build.0 = Debug|Any CPU
		{09672AE3-8E7D-4AA5-9836-800C420695A0}.Release|Any CPU.ActiveCfg = Release|Any CPU
		{09672AE3-8E7D-4AA5-9836-800C420695A0}.Release|Any CPU.Build.0 = Release|Any CPU
		{461C67BE-F058-4303-AF2D-33F274DBA910}.Debug|Any CPU.ActiveCfg = Debug|Any CPU
		{461C67BE-F058-4303-AF2D-33F274DBA910}.Debug|Any CPU.Build.0 = Debug|Any CPU
		{461C67BE-F058-4303-AF2D-33F274DBA910}.Release|Any CPU.ActiveCfg = Release|Any CPU
		{461C67BE-F058-4303-AF2D-33F274DBA910}.Release|Any CPU.Build.0 = Release|Any CPU
	EndGlobalSection
	GlobalSection(SolutionProperties) = preSolution
		HideSolutionNode = FALSE
	EndGlobalSection
	GlobalSection(ExtensibilityGlobals) = postSolution
		SolutionGuid = {AA82DAA9-4790-435A-9D1A-E2360AB298EC}
	EndGlobalSection
EndGlobal
